
Microsoft Visual Studio Solution File, Format Version 12.00
# Visual Studio Version 17
VisualStudioVersion = 17.8.34330.188
MinimumVisualStudioVersion = 10.0.40219.1
Project("{9A19103F-16F7-4668-BE54-9A1E7A4F7556}") = "Ultrakill2D", "Ultrakill2D.csproj", "{56F99027-A094-4B45-8D4B-4E8FFCCB8E87}"
EndProject
Global
	GlobalSection(SolutionConfigurationPlatforms) = preSolution
		Debug|Any CPU = Debug|Any CPU
		Release|Any CPU = Release|Any CPU
	EndGlobalSection
	GlobalSection(ProjectConfigurationPlatforms) = postSolution
		{56F99027-A094-4B45-8D4B-4E8FFCCB8E87}.Debug|Any CPU.ActiveCfg = Debug|Any CPU
		{56F99027-A094-4B45-8D4B-4E8FFCCB8E87}.Debug|Any CPU.Build.0 = Debug|Any CPU
		{56F99027-A094-4B45-8D4B-4E8FFCCB8E87}.Release|Any CPU.ActiveCfg = Release|Any CPU
		{56F99027-A094-4B45-8D4B-4E8FFCCB8E87}.Release|Any CPU.Build.0 = Release|Any CPU
	EndGlobalSection
	GlobalSection(SolutionProperties) = preSolution
		HideSolutionNode = FALSE
	EndGlobalSection
	GlobalSection(ExtensibilityGlobals) = postSolution
		SolutionGuid = {D97E1B6A-5E42-4339-83FF-F3CF62712FEA}
	EndGlobalSection
EndGlobal
